
Microsoft Visual Studio Solution File, Format Version 12.00
# Visual Studio Version 17
VisualStudioVersion = 17.5.33414.496
MinimumVisualStudioVersion = 10.0.40219.1
Project("{2150E333-8FDC-42A3-9474-1A3956D46DE8}") = "Microservices", "Microservices", "{BD61505E-E66F-4F19-90D0-679BCFA9A75B}"
EndProject
Project("{2150E333-8FDC-42A3-9474-1A3956D46DE8}") = "OpenWebApi", "OpenWebApi", "{A86F8684-B2CB-4090-9AA5-6E46AAB29A2A}"
EndProject
Project("{9A19103F-16F7-4668-BE54-9A1E7A4F7556}") = "EPA-WebAPI", "EPA-WebAPI\EPA-WebAPI.csproj", "{55A8709F-F778-4B7B-A757-33A4A549A0C9}"
EndProject
Project("{E53339B2-1760-4266-BCC7-CA923CBCF16C}") = "docker-compose", "docker-compose.dcproj", "{08A37222-BC7C-4D2E-A508-375282553C34}"
EndProject
Project("{9A19103F-16F7-4668-BE54-9A1E7A4F7556}") = "Epa.Engine.DB", "Epa.Engine.DB\Epa.Engine.DB.csproj", "{F0C544FD-46F6-44CE-80C2-87C1139F73C7}"
EndProject
Project("{9A19103F-16F7-4668-BE54-9A1E7A4F7556}") = "Epa.Engine.Models", "Epa.Engine.Models\Epa.Engine.Models.csproj", "{A66F89E6-3F22-4A30-B929-C6D2FAB1A6D2}"
EndProject
Project("{9A19103F-16F7-4668-BE54-9A1E7A4F7556}") = "EPA.Engine.Repository", "EPA.Engine.Repository\EPA.Engine.Repository.csproj", "{A7CA66A6-2F19-4EAB-8322-4144C968B452}"
EndProject
Project("{2150E333-8FDC-42A3-9474-1A3956D46DE8}") = "EPA.Engine", "EPA.Engine", "{0039B8A5-9ADB-4063-B0A5-6B79F8932EC8}"
EndProject
Project("{2150E333-8FDC-42A3-9474-1A3956D46DE8}") = "Tests", "Tests", "{1D3F7BA3-D309-4DDB-B9E8-2B9C41F0864A}"
EndProject
Project("{FAE04EC0-301F-11D3-BF4B-00C04F79EFBC}") = "Epa.Engine.Tests", "..\Epa.Engine.DB.Tests\Epa.Engine.Tests.csproj", "{7A4B83B0-7B8F-4F4F-947B-3A3A0C0BF33F}"
EndProject
Global
	GlobalSection(SolutionConfigurationPlatforms) = preSolution
		Debug|Any CPU = Debug|Any CPU
		Release|Any CPU = Release|Any CPU
	EndGlobalSection
	GlobalSection(ProjectConfigurationPlatforms) = postSolution
		{55A8709F-F778-4B7B-A757-33A4A549A0C9}.Debug|Any CPU.ActiveCfg = Debug|Any CPU
		{55A8709F-F778-4B7B-A757-33A4A549A0C9}.Debug|Any CPU.Build.0 = Debug|Any CPU
		{55A8709F-F778-4B7B-A757-33A4A549A0C9}.Release|Any CPU.ActiveCfg = Release|Any CPU
		{55A8709F-F778-4B7B-A757-33A4A549A0C9}.Release|Any CPU.Build.0 = Release|Any CPU
		{08A37222-BC7C-4D2E-A508-375282553C34}.Debug|Any CPU.ActiveCfg = Debug|Any CPU
		{08A37222-BC7C-4D2E-A508-375282553C34}.Debug|Any CPU.Build.0 = Debug|Any CPU
		{08A37222-BC7C-4D2E-A508-375282553C34}.Release|Any CPU.ActiveCfg = Release|Any CPU
		{F0C544FD-46F6-44CE-80C2-87C1139F73C7}.Debug|Any CPU.ActiveCfg = Debug|Any CPU
		{F0C544FD-46F6-44CE-80C2-87C1139F73C7}.Debug|Any CPU.Build.0 = Debug|Any CPU
		{F0C544FD-46F6-44CE-80C2-87C1139F73C7}.Release|Any CPU.ActiveCfg = Release|Any CPU
		{F0C544FD-46F6-44CE-80C2-87C1139F73C7}.Release|Any CPU.Build.0 = Release|Any CPU
		{A66F89E6-3F22-4A30-B929-C6D2FAB1A6D2}.Debug|Any CPU.ActiveCfg = Debug|Any CPU
		{A66F89E6-3F22-4A30-B929-C6D2FAB1A6D2}.Debug|Any CPU.Build.0 = Debug|Any CPU
		{A66F89E6-3F22-4A30-B929-C6D2FAB1A6D2}.Release|Any CPU.ActiveCfg = Release|Any CPU
		{A66F89E6-3F22-4A30-B929-C6D2FAB1A6D2}.Release|Any CPU.Build.0 = Release|Any CPU
		{A7CA66A6-2F19-4EAB-8322-4144C968B452}.Debug|Any CPU.ActiveCfg = Debug|Any CPU
		{A7CA66A6-2F19-4EAB-8322-4144C968B452}.Debug|Any CPU.Build.0 = Debug|Any CPU
		{A7CA66A6-2F19-4EAB-8322-4144C968B452}.Release|Any CPU.ActiveCfg = Release|Any CPU
		{A7CA66A6-2F19-4EAB-8322-4144C968B452}.Release|Any CPU.Build.0 = Release|Any CPU
		{7A4B83B0-7B8F-4F4F-947B-3A3A0C0BF33F}.Debug|Any CPU.ActiveCfg = Debug|Any CPU
		{7A4B83B0-7B8F-4F4F-947B-3A3A0C0BF33F}.Debug|Any CPU.Build.0 = Debug|Any CPU
		{7A4B83B0-7B8F-4F4F-947B-3A3A0C0BF33F}.Release|Any CPU.ActiveCfg = Release|Any CPU
		{7A4B83B0-7B8F-4F4F-947B-3A3A0C0BF33F}.Release|Any CPU.Build.0 = Release|Any CPU
	EndGlobalSection
	GlobalSection(SolutionProperties) = preSolution
		HideSolutionNode = FALSE
	EndGlobalSection
	GlobalSection(NestedProjects) = preSolution
		{55A8709F-F778-4B7B-A757-33A4A549A0C9} = {A86F8684-B2CB-4090-9AA5-6E46AAB29A2A}
		{F0C544FD-46F6-44CE-80C2-87C1139F73C7} = {0039B8A5-9ADB-4063-B0A5-6B79F8932EC8}
		{A66F89E6-3F22-4A30-B929-C6D2FAB1A6D2} = {0039B8A5-9ADB-4063-B0A5-6B79F8932EC8}
		{A7CA66A6-2F19-4EAB-8322-4144C968B452} = {0039B8A5-9ADB-4063-B0A5-6B79F8932EC8}
		{0039B8A5-9ADB-4063-B0A5-6B79F8932EC8} = {BD61505E-E66F-4F19-90D0-679BCFA9A75B}
		{7A4B83B0-7B8F-4F4F-947B-3A3A0C0BF33F} = {1D3F7BA3-D309-4DDB-B9E8-2B9C41F0864A}
	EndGlobalSection
	GlobalSection(ExtensibilityGlobals) = postSolution
		SolutionGuid = {EE39D7F9-23B4-442F-9727-B34058901D3E}
	EndGlobalSection
EndGlobal
